// !$*UTF8*$!
{
	archiveVersion = 1;
	classes = {
	};
	objectVersion = 46;
	objects = {

/* Begin PBXBuildFile section */
		90D5DE0F1C85D7340090B73C /* AppDelegate.swift in Sources */ = {isa = PBXBuildFile; fileRef = 90D5DE0E1C85D7340090B73C /* AppDelegate.swift */; };
		90D5DE111C85D7340090B73C /* MasterViewController.swift in Sources */ = {isa = PBXBuildFile; fileRef = 90D5DE101C85D7340090B73C /* MasterViewController.swift */; };
		90D5DE131C85D7340090B73C /* DetailViewController.swift in Sources */ = {isa = PBXBuildFile; fileRef = 90D5DE121C85D7340090B73C /* DetailViewController.swift */; };
		90D5DE161C85D7340090B73C /* Main.storyboard in Resources */ = {isa = PBXBuildFile; fileRef = 90D5DE141C85D7340090B73C /* Main.storyboard */; };
		90D5DE181C85D7340090B73C /* Assets.xcassets in Resources */ = {isa = PBXBuildFile; fileRef = 90D5DE171C85D7340090B73C /* Assets.xcassets */; };
		90D5DE1B1C85D7340090B73C /* LaunchScreen.storyboard in Resources */ = {isa = PBXBuildFile; fileRef = 90D5DE191C85D7340090B73C /* LaunchScreen.storyboard */; };
/* End PBXBuildFile section */

/* Begin PBXFileReference section */
		90D5DE0B1C85D7340090B73C /* SpotlightBsp.app */ = {isa = PBXFileReference; explicitFileType = wrapper.application; includeInIndex = 0; path = SpotlightBsp.app; sourceTree = BUILT_PRODUCTS_DIR; };
		90D5DE0E1C85D7340090B73C /* AppDelegate.swift */ = {isa = PBXFileReference; lastKnownFileType = sourcecode.swift; path = AppDelegate.swift; sourceTree = "<group>"; };
		90D5DE101C85D7340090B73C /* MasterViewController.swift */ = {isa = PBXFileReference; lastKnownFileType = sourcecode.swift; path = MasterViewController.swift; sourceTree = "<group>"; };
		90D5DE121C85D7340090B73C /* DetailViewController.swift */ = {isa = PBXFileReference; lastKnownFileType = sourcecode.swift; path = DetailViewController.swift; sourceTree = "<group>"; };
		90D5DE151C85D7340090B73C /* Base */ = {isa = PBXFileReference; lastKnownFileType = file.storyboard; name = Base; path = Base.lproj/Main.storyboard; sourceTree = "<group>"; };
		90D5DE171C85D7340090B73C /* Assets.xcassets */ = {isa = PBXFileReference; lastKnownFileType = folder.assetcatalog; path = Assets.xcassets; sourceTree = "<group>"; };
		90D5DE1A1C85D7340090B73C /* Base */ = {isa = PBXFileReference; lastKnownFileType = file.storyboard; name = Base; path = Base.lproj/LaunchScreen.storyboard; sourceTree = "<group>"; };
		90D5DE1C1C85D7340090B73C /* Info.plist */ = {isa = PBXFileReference; lastKnownFileType = text.plist.xml; path = Info.plist; sourceTree = "<group>"; };
/* End PBXFileReference section */

/* Begin PBXFrameworksBuildPhase section */
		90D5DE081C85D7340090B73C /* Frameworks */ = {
			isa = PBXFrameworksBuildPhase;
			buildActionMask = 2147483647;
			files = (
			);
			runOnlyForDeploymentPostprocessing = 0;
		};
/* End PBXFrameworksBuildPhase section */

/* Begin PBXGroup section */
		90D5DE021C85D7340090B73C = {
			isa = PBXGroup;
			children = (
				90D5DE0D1C85D7340090B73C /* SpotlightBsp */,
				90D5DE0C1C85D7340090B73C /* Products */,
			);
			sourceTree = "<group>";
		};
		90D5DE0C1C85D7340090B73C /* Products */ = {
			isa = PBXGroup;
			children = (
				90D5DE0B1C85D7340090B73C /* SpotlightBsp.app */,
			);
			name = Products;
			sourceTree = "<group>";
		};
		90D5DE0D1C85D7340090B73C /* SpotlightBsp */ = {
			isa = PBXGroup;
			children = (
				90D5DE0E1C85D7340090B73C /* AppDelegate.swift */,
				90D5DE101C85D7340090B73C /* MasterViewController.swift */,
				90D5DE121C85D7340090B73C /* DetailViewController.swift */,
				90D5DE141C85D7340090B73C /* Main.storyboard */,
				90D5DE171C85D7340090B73C /* Assets.xcassets */,
				90D5DE191C85D7340090B73C /* LaunchScreen.storyboard */,
				90D5DE1C1C85D7340090B73C /* Info.plist */,
			);
			path = SpotlightBsp;
			sourceTree = "<group>";
		};
/* End PBXGroup section */

/* Begin PBXNativeTarget section */
		90D5DE0A1C85D7340090B73C /* SpotlightBsp */ = {
			isa = PBXNativeTarget;
			buildConfigurationList = 90D5DE1F1C85D7340090B73C /* Build configuration list for PBXNativeTarget "SpotlightBsp" */;
			buildPhases = (
				90D5DE071C85D7340090B73C /* Sources */,
				90D5DE081C85D7340090B73C /* Frameworks */,
				90D5DE091C85D7340090B73C /* Resources */,
			);
			buildRules = (
			);
			dependencies = (
			);
			name = SpotlightBsp;
			productName = SpotlightBsp;
			productReference = 90D5DE0B1C85D7340090B73C /* SpotlightBsp.app */;
			productType = "com.apple.product-type.application";
		};
/* End PBXNativeTarget section */

/* Begin PBXProject section */
		90D5DE031C85D7340090B73C /* Project object */ = {
			isa = PBXProject;
			attributes = {
				LastSwiftUpdateCheck = 0720;
				LastUpgradeCheck = 0800;
				ORGANIZATIONNAME = "Christian Bleske";
				TargetAttributes = {
					90D5DE0A1C85D7340090B73C = {
						CreatedOnToolsVersion = 7.2.1;
						DevelopmentTeam = B688N957UZ;
						LastSwiftMigration = 0800;
					};
				};
			};
			buildConfigurationList = 90D5DE061C85D7340090B73C /* Build configuration list for PBXProject "SpotlightBsp" */;
			compatibilityVersion = "Xcode 3.2";
			developmentRegion = English;
			hasScannedForEncodings = 0;
			knownRegions = (
				en,
				Base,
			);
			mainGroup = 90D5DE021C85D7340090B73C;
			productRefGroup = 90D5DE0C1C85D7340090B73C /* Products */;
			projectDirPath = "";
			projectRoot = "";
			targets = (
				90D5DE0A1C85D7340090B73C /* SpotlightBsp */,
			);
		};
/* End PBXProject section */

/* Begin PBXResourcesBuildPhase section */
		90D5DE091C85D7340090B73C /* Resources */ = {
			isa = PBXResourcesBuildPhase;
			buildActionMask = 2147483647;
			files = (
				90D5DE1B1C85D7340090B73C /* LaunchScreen.storyboard in Resources */,
				90D5DE181C85D7340090B73C /* Assets.xcassets in Resources */,
				90D5DE161C85D7340090B73C /* Main.storyboard in Resources */,
			);
			runOnlyForDeploymentPostprocessing = 0;
		};
/* End PBXResourcesBuildPhase section */

/* Begin PBXSourcesBuildPhase section */
		90D5DE071C85D7340090B73C /* Sources */ = {
			isa = PBXSourcesBuildPhase;
			buildActionMask = 2147483647;
			files = (
				90D5DE131C85D7340090B73C /* DetailViewController.swift in Sources */,
				90D5DE111C85D7340090B73C /* MasterViewController.swift in Sources */,
				90D5DE0F1C85D7340090B73C /* AppDelegate.swift in Sources */,
			);
			runOnlyForDeploymentPostprocessing = 0;
		};
/* End PBXSourcesBuildPhase section */

/* Begin PBXVariantGroup section */
		90D5DE141C85D7340090B73C /* Main.storyboard */ = {
			isa = PBXVariantGroup;
			children = (
				90D5DE151C85D7340090B73C /* Base */,
			);
			name = Main.storyboard;
			sourceTree = "<group>";
		};
		90D5DE191C85D7340090B73C /* LaunchScreen.storyboard */ = {
			isa = PBXVariantGroup;
			children = (
				90D5DE1A1C85D7340090B73C /* Base */,
			);
			name = LaunchScreen.storyboard;
			sourceTree = "<group>";
		};
/* End PBXVariantGroup section */

/* Begin XCBuildConfiguration section */
		90D5DE1D1C85D7340090B73C /* Debug */ = {
			isa = XCBuildConfiguration;
			buildSettings = {
				ALWAYS_SEARCH_USER_PATHS = NO;
				CLANG_CXX_LANGUAGE_STANDARD = "gnu++0x";
				CLANG_CXX_LIBRARY = "libc++";
				CLANG_ENABLE_MODULES = YES;
				CLANG_ENABLE_OBJC_ARC = YES;
				CLANG_WARN_BOOL_CONVERSION = YES;
				CLANG_WARN_CONSTANT_CONVERSION = YES;
				CLANG_WARN_DIRECT_OBJC_ISA_USAGE = YES_ERROR;
				CLANG_WARN_EMPTY_BODY = YES;
				CLANG_WARN_ENUM_CONVERSION = YES;
				CLANG_WARN_INT_CONVERSION = YES;
				CLANG_WARN_OBJC_ROOT_CLASS = YES_ERROR;
				CLANG_WARN_UNREACHABLE_CODE = YES;
				CLANG_WARN__DUPLICATE_METHOD_MATCH = YES;
				"CODE_SIGN_IDENTITY[sdk=iphoneos*]" = "iPhone Developer";
				COPY_PHASE_STRIP = NO;
				DEBUG_INFORMATION_FORMAT = dwarf;
				ENABLE_STRICT_OBJC_MSGSEND = YES;
				ENABLE_TESTABILITY = YES;
				GCC_C_LANGUAGE_STANDARD = gnu99;
				GCC_DYNAMIC_NO_PIC = NO;
				GCC_NO_COMMON_BLOCKS = YES;
				GCC_OPTIMIZATION_LEVEL = 0;
				GCC_PREPROCESSOR_DEFINITIONS = (
					"DEBUG=1",
					"$(inherited)",
				);
				GCC_WARN_64_TO_32_BIT_CONVERSION = YES;
				GCC_WARN_ABOUT_RETURN_TYPE = YES_ERROR;
				GCC_WARN_UNDECLARED_SELECTOR = YES;
				GCC_WARN_UNINITIALIZED_AUTOS = YES_AGGRESSIVE;
				GCC_WARN_UNUSED_FUNCTION = YES;
				GCC_WARN_UNUSED_VARIABLE = YES;
				IPHONEOS_DEPLOYMENT_TARGET = 9.2;
				MTL_ENABLE_DEBUG_INFO = YES;
				ONLY_ACTIVE_ARCH = YES;
				SDKROOT = iphoneos;
				SWIFT_OPTIMIZATION_LEVEL = "-Onone";
				TARGETED_DEVICE_FAMILY = "1,2";
			};
			name = Debug;
		};
		90D5DE1E1C85D7340090B73C /* Release */ = {
			isa = XCBuildConfiguration;
			buildSettings = {
				ALWAYS_SEARCH_USER_PATHS = NO;
				CLANG_CXX_LANGUAGE_STANDARD = "gnu++0x";
				CLANG_CXX_LIBRARY = "libc++";
				CLANG_ENABLE_MODULES = YES;
				CLANG_ENABLE_OBJC_ARC = YES;
				CLANG_WARN_BOOL_CONVERSION = YES;
				CLANG_WARN_CONSTANT_CONVERSION = YES;
				CLANG_WARN_DIRECT_OBJC_ISA_USAGE = YES_ERROR;
				CLANG_WARN_EMPTY_BODY = YES;
				CLANG_WARN_ENUM_CONVERSION = YES;
				CLANG_WARN_INT_CONVERSION = YES;
				CLANG_WARN_OBJC_ROOT_CLASS = YES_ERROR;
				CLANG_WARN_UNREACHABLE_CODE = YES;
				CLANG_WARN__DUPLICATE_METHOD_MATCH = YES;
				"CODE_SIGN_IDENTITY[sdk=iphoneos*]" = "iPhone Developer";
				COPY_PHASE_STRIP = NO;
				DEBUG_INFORMATION_FORMAT = "dwarf-with-dsym";
				ENABLE_NS_ASSERTIONS = NO;
				ENABLE_STRICT_OBJC_MSGSEND = YES;
				GCC_C_LANGUAGE_STANDARD = gnu99;
				GCC_NO_COMMON_BLOCKS = YES;
				GCC_WARN_64_TO_32_BIT_CONVERSION = YES;
				GCC_WARN_ABOUT_RETURN_TYPE = YES_ERROR;
				GCC_WARN_UNDECLARED_SELECTOR = YES;
				GCC_WARN_UNINITIALIZED_AUTOS = YES_AGGRESSIVE;
				GCC_WARN_UNUSED_FUNCTION = YES;
				GCC_WARN_UNUSED_VARIABLE = YES;
				IPHONEOS_DEPLOYMENT_TARGET = 9.2;
				MTL_ENABLE_DEBUG_INFO = NO;
				SDKROOT = iphoneos;
				TARGETED_DEVICE_FAMILY = "1,2";
				VALIDATE_PRODUCT = YES;
			};
			name = Release;
		};
		90D5DE201C85D7340090B73C /* Debug */ = {
			isa = XCBuildConfiguration;
			buildSettings = {
				ASSETCATALOG_COMPILER_APPICON_NAME = AppIcon;
				CODE_SIGN_IDENTITY = "iPhone Developer";
				INFOPLIST_FILE = SpotlightBsp/Info.plist;
				LD_RUNPATH_SEARCH_PATHS = "$(inherited) @executable_path/Frameworks";
				PRODUCT_BUNDLE_IDENTIFIER = com.christianbleske.SpotlightBsp;
				PRODUCT_NAME = "$(TARGET_NAME)";
				SWIFT_VERSION = 3.0;
			};
			name = Debug;
		};
		90D5DE211C85D7340090B73C /* Release */ = {
			isa = XCBuildConfiguration;
			buildSettings = {
				ASSETCATALOG_COMPILER_APPICON_NAME = AppIcon;
				CODE_SIGN_IDENTITY = "iPhone Developer";
				INFOPLIST_FILE = SpotlightBsp/Info.plist;
				LD_RUNPATH_SEARCH_PATHS = "$(inherited) @executable_path/Frameworks";
				PRODUCT_BUNDLE_IDENTIFIER = com.christianbleske.SpotlightBsp;
				PRODUCT_NAME = "$(TARGET_NAME)";
				SWIFT_OPTIMIZATION_LEVEL = "-Owholemodule";
				SWIFT_VERSION = 3.0;
			};
			name = Release;
		};
/* End XCBuildConfiguration section */

/* Begin XCConfigurationList section */
		90D5DE061C85D7340090B73C /* Build configuration list for PBXProject "SpotlightBsp" */ = {
			isa = XCConfigurationList;
			buildConfigurations = (
				90D5DE1D1C85D7340090B73C /* Debug */,
				90D5DE1E1C85D7340090B73C /* Release */,
			);
			defaultConfigurationIsVisible = 0;
			defaultConfigurationName = Release;
		};
		90D5DE1F1C85D7340090B73C /* Build configuration list for PBXNativeTarget "SpotlightBsp" */ = {
			isa = XCConfigurationList;
			buildConfigurations = (
				90D5DE201C85D7340090B73C /* Debug */,
				90D5DE211C85D7340090B73C /* Release */,
			);
			defaultConfigurationIsVisible = 0;
			defaultConfigurationName = Release;
		};
/* End XCConfigurationList section */
	};
	rootObject = 90D5DE031C85D7340090B73C /* Project object */;
}
